# This file is autogenerated, do not edit; changes may be undone by the next 'dep ensure'.


[[projects]]
  name = "github.com/davecgh/go-spew"
  packages = ["spew"]
  revision = "346938d642f2ec3594ed81d874461961cd0faa76"
  version = "v1.1.0"

[[projects]]
  name = "github.com/fatih/color"
  packages = ["."]
  revision = "bf82308e8c8546dc2b945157173eb8a959ae9505"

[[projects]]
  name = "github.com/go-errors/errors"
  packages = ["."]
  revision = "8fa88b06e5974e97fbf9899a7f86a344bfd1f105"

[[projects]]
  name = "github.com/mattn/go-colorable"
  packages = ["."]
  revision = "d228849504861217f796da67fae4f6e347643f15"
  version = "v0.0.7"

[[projects]]
  name = "github.com/mattn/go-isatty"
  packages = ["."]
  revision = "30a891c33c7cde7b02a981314b4228ec99380cca"

[[projects]]
  name = "github.com/mattn/go-zglob"
  packages = ["."]
  revision = "2dbd7f37a45e993d5180a251b4bdd314d6333b70"

[[projects]]
  name = "github.com/pmezard/go-difflib"
  packages = ["difflib"]
  revision = "792786c7400a136282c1664665ae0a8db921c6c2"
  version = "v1.0.0"

[[projects]]
  name = "github.com/sirupsen/logrus"
  packages = ["."]
  revision = "881bee4e20a5d11a6a88a5667c6f292072ac1963"

[[projects]]
  name = "github.com/stretchr/testify"
  packages = ["assert"]
  revision = "2402e8e7a02fc811447d11f881aa9746cdc57983"

[[projects]]
  name = "github.com/urfave/cli"
  packages = ["."]
  revision = "0bdeddeeb0f650497d603c4ad7b20cfe685682f6"
  version = "v1.19.1"

[[projects]]
  name = "golang.org/x/sys"
  packages = ["unix"]
  revision = "d75a52659825e75fff6158388dddc6a5b04f9ba5"

[solve-meta]
  analyzer-name = "dep"
  analyzer-version = 1
  inputs-digest = "a2a854ccfbd6e53ab794d012c4490a6ca3f96b7fbeb95d72bf17221a18abd7d5"
  solver-name = "gps-cdcl"
  solver-version = 1
